// !$*UTF8*$!
{
	archiveVersion = 1;
	classes = {
	};
	objectVersion = 50;
	objects = {

/* Begin PBXBuildFile section */
		91FE62DA25D338F4009F29C7 /* AppDelegate.swift in Sources */ = {isa = PBXBuildFile; fileRef = 91FE62D925D338F4009F29C7 /* AppDelegate.swift */; };
		91FE62DC25D338F4009F29C7 /* SceneDelegate.swift in Sources */ = {isa = PBXBuildFile; fileRef = 91FE62DB25D338F4009F29C7 /* SceneDelegate.swift */; };
		91FE62DE25D338F4009F29C7 /* ViewController.swift in Sources */ = {isa = PBXBuildFile; fileRef = 91FE62DD25D338F4009F29C7 /* ViewController.swift */; };
		91FE62E125D338F4009F29C7 /* Main.storyboard in Resources */ = {isa = PBXBuildFile; fileRef = 91FE62DF25D338F4009F29C7 /* Main.storyboard */; };
		91FE62E325D338F5009F29C7 /* Assets.xcassets in Resources */ = {isa = PBXBuildFile; fileRef = 91FE62E225D338F5009F29C7 /* Assets.xcassets */; };
		91FE62E625D338F5009F29C7 /* LaunchScreen.storyboard in Resources */ = {isa = PBXBuildFile; fileRef = 91FE62E425D338F5009F29C7 /* LaunchScreen.storyboard */; };
		91FE62F125D338F5009F29C7 /* LightTests.swift in Sources */ = {isa = PBXBuildFile; fileRef = 91FE62F025D338F5009F29C7 /* LightTests.swift */; };
		91FE62FC25D338F6009F29C7 /* LightUITests.swift in Sources */ = {isa = PBXBuildFile; fileRef = 91FE62FB25D338F6009F29C7 /* LightUITests.swift */; };
/* End PBXBuildFile section */

/* Begin PBXContainerItemProxy section */
		91FE62ED25D338F5009F29C7 /* PBXContainerItemProxy */ = {
			isa = PBXContainerItemProxy;
			containerPortal = 91FE62CE25D338F4009F29C7 /* Project object */;
			proxyType = 1;
			remoteGlobalIDString = 91FE62D525D338F4009F29C7;
			remoteInfo = Light;
		};
		91FE62F825D338F6009F29C7 /* PBXContainerItemProxy */ = {
			isa = PBXContainerItemProxy;
			containerPortal = 91FE62CE25D338F4009F29C7 /* Project object */;
			proxyType = 1;
			remoteGlobalIDString = 91FE62D525D338F4009F29C7;
			remoteInfo = Light;
		};
/* End PBXContainerItemProxy section */

/* Begin PBXFileReference section */
		91FE62D625D338F4009F29C7 /* Light.app */ = {isa = PBXFileReference; explicitFileType = wrapper.application; includeInIndex = 0; path = Light.app; sourceTree = BUILT_PRODUCTS_DIR; };
		91FE62D925D338F4009F29C7 /* AppDelegate.swift */ = {isa = PBXFileReference; lastKnownFileType = sourcecode.swift; path = AppDelegate.swift; sourceTree = "<group>"; };
		91FE62DB25D338F4009F29C7 /* SceneDelegate.swift */ = {isa = PBXFileReference; lastKnownFileType = sourcecode.swift; path = SceneDelegate.swift; sourceTree = "<group>"; };
		91FE62DD25D338F4009F29C7 /* ViewController.swift */ = {isa = PBXFileReference; lastKnownFileType = sourcecode.swift; path = ViewController.swift; sourceTree = "<group>"; };
		91FE62E025D338F4009F29C7 /* Base */ = {isa = PBXFileReference; lastKnownFileType = file.storyboard; name = Base; path = Base.lproj/Main.storyboard; sourceTree = "<group>"; };
		91FE62E225D338F5009F29C7 /* Assets.xcassets */ = {isa = PBXFileReference; lastKnownFileType = folder.assetcatalog; path = Assets.xcassets; sourceTree = "<group>"; };
		91FE62E525D338F5009F29C7 /* Base */ = {isa = PBXFileReference; lastKnownFileType = file.storyboard; name = Base; path = Base.lproj/LaunchScreen.storyboard; sourceTree = "<group>"; };
		91FE62E725D338F5009F29C7 /* Info.plist */ = {isa = PBXFileReference; lastKnownFileType = text.plist.xml; path = Info.plist; sourceTree = "<group>"; };
		91FE62EC25D338F5009F29C7 /* LightTests.xctest */ = {isa = PBXFileReference; explicitFileType = wrapper.cfbundle; includeInIndex = 0; path = LightTests.xctest; sourceTree = BUILT_PRODUCTS_DIR; };
		91FE62F025D338F5009F29C7 /* LightTests.swift */ = {isa = PBXFileReference; lastKnownFileType = sourcecode.swift; path = LightTests.swift; sourceTree = "<group>"; };
		91FE62F225D338F5009F29C7 /* Info.plist */ = {isa = PBXFileReference; lastKnownFileType = text.plist.xml; path = Info.plist; sourceTree = "<group>"; };
		91FE62F725D338F6009F29C7 /* LightUITests.xctest */ = {isa = PBXFileReference; explicitFileType = wrapper.cfbundle; includeInIndex = 0; path = LightUITests.xctest; sourceTree = BUILT_PRODUCTS_DIR; };
		91FE62FB25D338F6009F29C7 /* LightUITests.swift */ = {isa = PBXFileReference; lastKnownFileType = sourcecode.swift; path = LightUITests.swift; sourceTree = "<group>"; };
		91FE62FD25D338F6009F29C7 /* Info.plist */ = {isa = PBXFileReference; lastKnownFileType = text.plist.xml; path = Info.plist; sourceTree = "<group>"; };
/* End PBXFileReference section */

/* Begin PBXFrameworksBuildPhase section */
		91FE62D325D338F4009F29C7 /* Frameworks */ = {
			isa = PBXFrameworksBuildPhase;
			buildActionMask = 2147483647;
			files = (
			);
			runOnlyForDeploymentPostprocessing = 0;
		};
		91FE62E925D338F5009F29C7 /* Frameworks */ = {
			isa = PBXFrameworksBuildPhase;
			buildActionMask = 2147483647;
			files = (
			);
			runOnlyForDeploymentPostprocessing = 0;
		};
		91FE62F425D338F6009F29C7 /* Frameworks */ = {
			isa = PBXFrameworksBuildPhase;
			buildActionMask = 2147483647;
			files = (
			);
			runOnlyForDeploymentPostprocessing = 0;
		};
/* End PBXFrameworksBuildPhase section */

/* Begin PBXGroup section */
		91FE62CD25D338F4009F29C7 = {
			isa = PBXGroup;
			children = (
				91FE62D825D338F4009F29C7 /* Light */,
				91FE62EF25D338F5009F29C7 /* LightTests */,
				91FE62FA25D338F6009F29C7 /* LightUITests */,
				91FE62D725D338F4009F29C7 /* Products */,
			);
			sourceTree = "<group>";
		};
		91FE62D725D338F4009F29C7 /* Products */ = {
			isa = PBXGroup;
			children = (
				91FE62D625D338F4009F29C7 /* Light.app */,
				91FE62EC25D338F5009F29C7 /* LightTests.xctest */,
				91FE62F725D338F6009F29C7 /* LightUITests.xctest */,
			);
			name = Products;
			sourceTree = "<group>";
		};
		91FE62D825D338F4009F29C7 /* Light */ = {
			isa = PBXGroup;
			children = (
				91FE62D925D338F4009F29C7 /* AppDelegate.swift */,
				91FE62DB25D338F4009F29C7 /* SceneDelegate.swift */,
				91FE62DD25D338F4009F29C7 /* ViewController.swift */,
				91FE62DF25D338F4009F29C7 /* Main.storyboard */,
				91FE62E225D338F5009F29C7 /* Assets.xcassets */,
				91FE62E425D338F5009F29C7 /* LaunchScreen.storyboard */,
				91FE62E725D338F5009F29C7 /* Info.plist */,
			);
			path = Light;
			sourceTree = "<group>";
		};
		91FE62EF25D338F5009F29C7 /* LightTests */ = {
			isa = PBXGroup;
			children = (
				91FE62F025D338F5009F29C7 /* LightTests.swift */,
				91FE62F225D338F5009F29C7 /* Info.plist */,
			);
			path = LightTests;
			sourceTree = "<group>";
		};
		91FE62FA25D338F6009F29C7 /* LightUITests */ = {
			isa = PBXGroup;
			children = (
				91FE62FB25D338F6009F29C7 /* LightUITests.swift */,
				91FE62FD25D338F6009F29C7 /* Info.plist */,
			);
			path = LightUITests;
			sourceTree = "<group>";
		};
/* End PBXGroup section */

/* Begin PBXNativeTarget section */
		91FE62D525D338F4009F29C7 /* Light */ = {
			isa = PBXNativeTarget;
			buildConfigurationList = 91FE630025D338F6009F29C7 /* Build configuration list for PBXNativeTarget "Light" */;
			buildPhases = (
				91FE62D225D338F4009F29C7 /* Sources */,
				91FE62D325D338F4009F29C7 /* Frameworks */,
				91FE62D425D338F4009F29C7 /* Resources */,
			);
			buildRules = (
			);
			dependencies = (
			);
			name = Light;
			productName = Light;
			productReference = 91FE62D625D338F4009F29C7 /* Light.app */;
			productType = "com.apple.product-type.application";
		};
		91FE62EB25D338F5009F29C7 /* LightTests */ = {
			isa = PBXNativeTarget;
			buildConfigurationList = 91FE630325D338F6009F29C7 /* Build configuration list for PBXNativeTarget "LightTests" */;
			buildPhases = (
				91FE62E825D338F5009F29C7 /* Sources */,
				91FE62E925D338F5009F29C7 /* Frameworks */,
				91FE62EA25D338F5009F29C7 /* Resources */,
			);
			buildRules = (
			);
			dependencies = (
				91FE62EE25D338F5009F29C7 /* PBXTargetDependency */,
			);
			name = LightTests;
			productName = LightTests;
			productReference = 91FE62EC25D338F5009F29C7 /* LightTests.xctest */;
			productType = "com.apple.product-type.bundle.unit-test";
		};
		91FE62F625D338F6009F29C7 /* LightUITests */ = {
			isa = PBXNativeTarget;
			buildConfigurationList = 91FE630625D338F6009F29C7 /* Build configuration list for PBXNativeTarget "LightUITests" */;
			buildPhases = (
				91FE62F325D338F6009F29C7 /* Sources */,
				91FE62F425D338F6009F29C7 /* Frameworks */,
				91FE62F525D338F6009F29C7 /* Resources */,
			);
			buildRules = (
			);
			dependencies = (
				91FE62F925D338F6009F29C7 /* PBXTargetDependency */,
			);
			name = LightUITests;
			productName = LightUITests;
			productReference = 91FE62F725D338F6009F29C7 /* LightUITests.xctest */;
			productType = "com.apple.product-type.bundle.ui-testing";
		};
/* End PBXNativeTarget section */

/* Begin PBXProject section */
		91FE62CE25D338F4009F29C7 /* Project object */ = {
			isa = PBXProject;
			attributes = {
				LastSwiftUpdateCheck = 1240;
				LastUpgradeCheck = 1240;
				TargetAttributes = {
					91FE62D525D338F4009F29C7 = {
						CreatedOnToolsVersion = 12.4;
					};
					91FE62EB25D338F5009F29C7 = {
						CreatedOnToolsVersion = 12.4;
						TestTargetID = 91FE62D525D338F4009F29C7;
					};
					91FE62F625D338F6009F29C7 = {
						CreatedOnToolsVersion = 12.4;
						TestTargetID = 91FE62D525D338F4009F29C7;
					};
				};
			};
			buildConfigurationList = 91FE62D125D338F4009F29C7 /* Build configuration list for PBXProject "Light" */;
			compatibilityVersion = "Xcode 9.3";
			developmentRegion = en;
			hasScannedForEncodings = 0;
			knownRegions = (
				en,
				Base,
			);
			mainGroup = 91FE62CD25D338F4009F29C7;
			productRefGroup = 91FE62D725D338F4009F29C7 /* Products */;
			projectDirPath = "";
			projectRoot = "";
			targets = (
				91FE62D525D338F4009F29C7 /* Light */,
				91FE62EB25D338F5009F29C7 /* LightTests */,
				91FE62F625D338F6009F29C7 /* LightUITests */,
			);
		};
/* End PBXProject section */

/* Begin PBXResourcesBuildPhase section */
		91FE62D425D338F4009F29C7 /* Resources */ = {
			isa = PBXResourcesBuildPhase;
			buildActionMask = 2147483647;
			files = (
				91FE62E625D338F5009F29C7 /* LaunchScreen.storyboard in Resources */,
				91FE62E325D338F5009F29C7 /* Assets.xcassets in Resources */,
				91FE62E125D338F4009F29C7 /* Main.storyboard in Resources */,
			);
			runOnlyForDeploymentPostprocessing = 0;
		};
		91FE62EA25D338F5009F29C7 /* Resources */ = {
			isa = PBXResourcesBuildPhase;
			buildActionMask = 2147483647;
			files = (
			);
			runOnlyForDeploymentPostprocessing = 0;
		};
		91FE62F525D338F6009F29C7 /* Resources */ = {
			isa = PBXResourcesBuildPhase;
			buildActionMask = 2147483647;
			files = (
			);
			runOnlyForDeploymentPostprocessing = 0;
		};
/* End PBXResourcesBuildPhase section */

/* Begin PBXSourcesBuildPhase section */
		91FE62D225D338F4009F29C7 /* Sources */ = {
			isa = PBXSourcesBuildPhase;
			buildActionMask = 2147483647;
			files = (
				91FE62DE25D338F4009F29C7 /* ViewController.swift in Sources */,
				91FE62DA25D338F4009F29C7 /* AppDelegate.swift in Sources */,
				91FE62DC25D338F4009F29C7 /* SceneDelegate.swift in Sources */,
			);
			runOnlyForDeploymentPostprocessing = 0;
		};
		91FE62E825D338F5009F29C7 /* Sources */ = {
			isa = PBXSourcesBuildPhase;
			buildActionMask = 2147483647;
			files = (
				91FE62F125D338F5009F29C7 /* LightTests.swift in Sources */,
			);
			runOnlyForDeploymentPostprocessing = 0;
		};
		91FE62F325D338F6009F29C7 /* Sources */ = {
			isa = PBXSourcesBuildPhase;
			buildActionMask = 2147483647;
			files = (
				91FE62FC25D338F6009F29C7 /* LightUITests.swift in Sources */,
			);
			runOnlyForDeploymentPostprocessing = 0;
		};
/* End PBXSourcesBuildPhase section */

/* Begin PBXTargetDependency section */
		91FE62EE25D338F5009F29C7 /* PBXTargetDependency */ = {
			isa = PBXTargetDependency;
			target = 91FE62D525D338F4009F29C7 /* Light */;
			targetProxy = 91FE62ED25D338F5009F29C7 /* PBXContainerItemProxy */;
		};
		91FE62F925D338F6009F29C7 /* PBXTargetDependency */ = {
			isa = PBXTargetDependency;
			target = 91FE62D525D338F4009F29C7 /* Light */;
			targetProxy = 91FE62F825D338F6009F29C7 /* PBXContainerItemProxy */;
		};
/* End PBXTargetDependency section */

/* Begin PBXVariantGroup section */
		91FE62DF25D338F4009F29C7 /* Main.storyboard */ = {
			isa = PBXVariantGroup;
			children = (
				91FE62E025D338F4009F29C7 /* Base */,
			);
			name = Main.storyboard;
			sourceTree = "<group>";
		};
		91FE62E425D338F5009F29C7 /* LaunchScreen.storyboard */ = {
			isa = PBXVariantGroup;
			children = (
				91FE62E525D338F5009F29C7 /* Base */,
			);
			name = LaunchScreen.storyboard;
			sourceTree = "<group>";
		};
/* End PBXVariantGroup section */

/* Begin XCBuildConfiguration section */
		91FE62FE25D338F6009F29C7 /* Debug */ = {
			isa = XCBuildConfiguration;
			buildSettings = {
				ALWAYS_SEARCH_USER_PATHS = NO;
				CLANG_ANALYZER_NONNULL = YES;
				CLANG_ANALYZER_NUMBER_OBJECT_CONVERSION = YES_AGGRESSIVE;
				CLANG_CXX_LANGUAGE_STANDARD = "gnu++14";
				CLANG_CXX_LIBRARY = "libc++";
				CLANG_ENABLE_MODULES = YES;
				CLANG_ENABLE_OBJC_ARC = YES;
				CLANG_ENABLE_OBJC_WEAK = YES;
				CLANG_WARN_BLOCK_CAPTURE_AUTORELEASING = YES;
				CLANG_WARN_BOOL_CONVERSION = YES;
				CLANG_WARN_COMMA = YES;
				CLANG_WARN_CONSTANT_CONVERSION = YES;
				CLANG_WARN_DEPRECATED_OBJC_IMPLEMENTATIONS = YES;
				CLANG_WARN_DIRECT_OBJC_ISA_USAGE = YES_ERROR;
				CLANG_WARN_DOCUMENTATION_COMMENTS = YES;
				CLANG_WARN_EMPTY_BODY = YES;
				CLANG_WARN_ENUM_CONVERSION = YES;
				CLANG_WARN_INFINITE_RECURSION = YES;
				CLANG_WARN_INT_CONVERSION = YES;
				CLANG_WARN_NON_LITERAL_NULL_CONVERSION = YES;
				CLANG_WARN_OBJC_IMPLICIT_RETAIN_SELF = YES;
				CLANG_WARN_OBJC_LITERAL_CONVERSION = YES;
				CLANG_WARN_OBJC_ROOT_CLASS = YES_ERROR;
				CLANG_WARN_QUOTED_INCLUDE_IN_FRAMEWORK_HEADER = YES;
				CLANG_WARN_RANGE_LOOP_ANALYSIS = YES;
				CLANG_WARN_STRICT_PROTOTYPES = YES;
				CLANG_WARN_SUSPICIOUS_MOVE = YES;
				CLANG_WARN_UNGUARDED_AVAILABILITY = YES_AGGRESSIVE;
				CLANG_WARN_UNREACHABLE_CODE = YES;
				CLANG_WARN__DUPLICATE_METHOD_MATCH = YES;
				COPY_PHASE_STRIP = NO;
				DEBUG_INFORMATION_FORMAT = dwarf;
				ENABLE_STRICT_OBJC_MSGSEND = YES;
				ENABLE_TESTABILITY = YES;
				GCC_C_LANGUAGE_STANDARD = gnu11;
				GCC_DYNAMIC_NO_PIC = NO;
				GCC_NO_COMMON_BLOCKS = YES;
				GCC_OPTIMIZATION_LEVEL = 0;
				GCC_PREPROCESSOR_DEFINITIONS = (
					"DEBUG=1",
					"$(inherited)",
				);
				GCC_WARN_64_TO_32_BIT_CONVERSION = YES;
				GCC_WARN_ABOUT_RETURN_TYPE = YES_ERROR;
				GCC_WARN_UNDECLARED_SELECTOR = YES;
				GCC_WARN_UNINITIALIZED_AUTOS = YES_AGGRESSIVE;
				GCC_WARN_UNUSED_FUNCTION = YES;
				GCC_WARN_UNUSED_VARIABLE = YES;
				IPHONEOS_DEPLOYMENT_TARGET = 14.4;
				MTL_ENABLE_DEBUG_INFO = INCLUDE_SOURCE;
				MTL_FAST_MATH = YES;
				ONLY_ACTIVE_ARCH = YES;
				SDKROOT = iphoneos;
				SWIFT_ACTIVE_COMPILATION_CONDITIONS = DEBUG;
				SWIFT_OPTIMIZATION_LEVEL = "-Onone";
			};
			name = Debug;
		};
		91FE62FF25D338F6009F29C7 /* Release */ = {
			isa = XCBuildConfiguration;
			buildSettings = {
				ALWAYS_SEARCH_USER_PATHS = NO;
				CLANG_ANALYZER_NONNULL = YES;
				CLANG_ANALYZER_NUMBER_OBJECT_CONVERSION = YES_AGGRESSIVE;
				CLANG_CXX_LANGUAGE_STANDARD = "gnu++14";
				CLANG_CXX_LIBRARY = "libc++";
				CLANG_ENABLE_MODULES = YES;
				CLANG_ENABLE_OBJC_ARC = YES;
				CLANG_ENABLE_OBJC_WEAK = YES;
				CLANG_WARN_BLOCK_CAPTURE_AUTORELEASING = YES;
				CLANG_WARN_BOOL_CONVERSION = YES;
				CLANG_WARN_COMMA = YES;
				CLANG_WARN_CONSTANT_CONVERSION = YES;
				CLANG_WARN_DEPRECATED_OBJC_IMPLEMENTATIONS = YES;
				CLANG_WARN_DIRECT_OBJC_ISA_USAGE = YES_ERROR;
				CLANG_WARN_DOCUMENTATION_COMMENTS = YES;
				CLANG_WARN_EMPTY_BODY = YES;
				CLANG_WARN_ENUM_CONVERSION = YES;
				CLANG_WARN_INFINITE_RECURSION = YES;
				CLANG_WARN_INT_CONVERSION = YES;
				CLANG_WARN_NON_LITERAL_NULL_CONVERSION = YES;
				CLANG_WARN_OBJC_IMPLICIT_RETAIN_SELF = YES;
				CLANG_WARN_OBJC_LITERAL_CONVERSION = YES;
				CLANG_WARN_OBJC_ROOT_CLASS = YES_ERROR;
				CLANG_WARN_QUOTED_INCLUDE_IN_FRAMEWORK_HEADER = YES;
				CLANG_WARN_RANGE_LOOP_ANALYSIS = YES;
				CLANG_WARN_STRICT_PROTOTYPES = YES;
				CLANG_WARN_SUSPICIOUS_MOVE = YES;
				CLANG_WARN_UNGUARDED_AVAILABILITY = YES_AGGRESSIVE;
				CLANG_WARN_UNREACHABLE_CODE = YES;
				CLANG_WARN__DUPLICATE_METHOD_MATCH = YES;
				COPY_PHASE_STRIP = NO;
				DEBUG_INFORMATION_FORMAT = "dwarf-with-dsym";
				ENABLE_NS_ASSERTIONS = NO;
				ENABLE_STRICT_OBJC_MSGSEND = YES;
				GCC_C_LANGUAGE_STANDARD = gnu11;
				GCC_NO_COMMON_BLOCKS = YES;
				GCC_WARN_64_TO_32_BIT_CONVERSION = YES;
				GCC_WARN_ABOUT_RETURN_TYPE = YES_ERROR;
				GCC_WARN_UNDECLARED_SELECTOR = YES;
				GCC_WARN_UNINITIALIZED_AUTOS = YES_AGGRESSIVE;
				GCC_WARN_UNUSED_FUNCTION = YES;
				GCC_WARN_UNUSED_VARIABLE = YES;
				IPHONEOS_DEPLOYMENT_TARGET = 14.4;
				MTL_ENABLE_DEBUG_INFO = NO;
				MTL_FAST_MATH = YES;
				SDKROOT = iphoneos;
				SWIFT_COMPILATION_MODE = wholemodule;
				SWIFT_OPTIMIZATION_LEVEL = "-O";
				VALIDATE_PRODUCT = YES;
			};
			name = Release;
		};
		91FE630125D338F6009F29C7 /* Debug */ = {
			isa = XCBuildConfiguration;
			buildSettings = {
				ASSETCATALOG_COMPILER_APPICON_NAME = AppIcon;
				ASSETCATALOG_COMPILER_GLOBAL_ACCENT_COLOR_NAME = AccentColor;
				CODE_SIGN_STYLE = Automatic;
				INFOPLIST_FILE = Light/Info.plist;
				LD_RUNPATH_SEARCH_PATHS = (
					"$(inherited)",
					"@executable_path/Frameworks",
				);
				PRODUCT_BUNDLE_IDENTIFIER = com.example.Light;
				PRODUCT_NAME = "$(TARGET_NAME)";
				SWIFT_VERSION = 5.0;
				TARGETED_DEVICE_FAMILY = "1,2";
			};
			name = Debug;
		};
		91FE630225D338F6009F29C7 /* Release */ = {
			isa = XCBuildConfiguration;
			buildSettings = {
				ASSETCATALOG_COMPILER_APPICON_NAME = AppIcon;
				ASSETCATALOG_COMPILER_GLOBAL_ACCENT_COLOR_NAME = AccentColor;
				CODE_SIGN_STYLE = Automatic;
				INFOPLIST_FILE = Light/Info.plist;
				LD_RUNPATH_SEARCH_PATHS = (
					"$(inherited)",
					"@executable_path/Frameworks",
				);
				PRODUCT_BUNDLE_IDENTIFIER = com.example.Light;
				PRODUCT_NAME = "$(TARGET_NAME)";
				SWIFT_VERSION = 5.0;
				TARGETED_DEVICE_FAMILY = "1,2";
			};
			name = Release;
		};
		91FE630425D338F6009F29C7 /* Debug */ = {
			isa = XCBuildConfiguration;
			buildSettings = {
				ALWAYS_EMBED_SWIFT_STANDARD_LIBRARIES = YES;
				BUNDLE_LOADER = "$(TEST_HOST)";
				CODE_SIGN_STYLE = Automatic;
				INFOPLIST_FILE = LightTests/Info.plist;
				IPHONEOS_DEPLOYMENT_TARGET = 14.4;
				LD_RUNPATH_SEARCH_PATHS = (
					"$(inherited)",
					"@executable_path/Frameworks",
					"@loader_path/Frameworks",
				);
				PRODUCT_BUNDLE_IDENTIFIER = com.example.LightTests;
				PRODUCT_NAME = "$(TARGET_NAME)";
				SWIFT_VERSION = 5.0;
				TARGETED_DEVICE_FAMILY = "1,2";
				TEST_HOST = "$(BUILT_PRODUCTS_DIR)/Light.app/Light";
			};
			name = Debug;
		};
		91FE630525D338F6009F29C7 /* Release */ = {
			isa = XCBuildConfiguration;
			buildSettings = {
				ALWAYS_EMBED_SWIFT_STANDARD_LIBRARIES = YES;
				BUNDLE_LOADER = "$(TEST_HOST)";
				CODE_SIGN_STYLE = Automatic;
				INFOPLIST_FILE = LightTests/Info.plist;
				IPHONEOS_DEPLOYMENT_TARGET = 14.4;
				LD_RUNPATH_SEARCH_PATHS = (
					"$(inherited)",
					"@executable_path/Frameworks",
					"@loader_path/Frameworks",
				);
				PRODUCT_BUNDLE_IDENTIFIER = com.example.LightTests;
				PRODUCT_NAME = "$(TARGET_NAME)";
				SWIFT_VERSION = 5.0;
				TARGETED_DEVICE_FAMILY = "1,2";
				TEST_HOST = "$(BUILT_PRODUCTS_DIR)/Light.app/Light";
			};
			name = Release;
		};
		91FE630725D338F6009F29C7 /* Debug */ = {
			isa = XCBuildConfiguration;
			buildSettings = {
				ALWAYS_EMBED_SWIFT_STANDARD_LIBRARIES = YES;
				CODE_SIGN_STYLE = Automatic;
				INFOPLIST_FILE = LightUITests/Info.plist;
				LD_RUNPATH_SEARCH_PATHS = (
					"$(inherited)",
					"@executable_path/Frameworks",
					"@loader_path/Frameworks",
				);
				PRODUCT_BUNDLE_IDENTIFIER = com.example.LightUITests;
				PRODUCT_NAME = "$(TARGET_NAME)";
				SWIFT_VERSION = 5.0;
				TARGETED_DEVICE_FAMILY = "1,2";
				TEST_TARGET_NAME = Light;
			};
			name = Debug;
		};
		91FE630825D338F6009F29C7 /* Release */ = {
			isa = XCBuildConfiguration;
			buildSettings = {
				ALWAYS_EMBED_SWIFT_STANDARD_LIBRARIES = YES;
				CODE_SIGN_STYLE = Automatic;
				INFOPLIST_FILE = LightUITests/Info.plist;
				LD_RUNPATH_SEARCH_PATHS = (
					"$(inherited)",
					"@executable_path/Frameworks",
					"@loader_path/Frameworks",
				);
				PRODUCT_BUNDLE_IDENTIFIER = com.example.LightUITests;
				PRODUCT_NAME = "$(TARGET_NAME)";
				SWIFT_VERSION = 5.0;
				TARGETED_DEVICE_FAMILY = "1,2";
				TEST_TARGET_NAME = Light;
			};
			name = Release;
		};
/* End XCBuildConfiguration section */

/* Begin XCConfigurationList section */
		91FE62D125D338F4009F29C7 /* Build configuration list for PBXProject "Light" */ = {
			isa = XCConfigurationList;
			buildConfigurations = (
				91FE62FE25D338F6009F29C7 /* Debug */,
				91FE62FF25D338F6009F29C7 /* Release */,
			);
			defaultConfigurationIsVisible = 0;
			defaultConfigurationName = Release;
		};
		91FE630025D338F6009F29C7 /* Build configuration list for PBXNativeTarget "Light" */ = {
			isa = XCConfigurationList;
			buildConfigurations = (
				91FE630125D338F6009F29C7 /* Debug */,
				91FE630225D338F6009F29C7 /* Release */,
			);
			defaultConfigurationIsVisible = 0;
			defaultConfigurationName = Release;
		};
		91FE630325D338F6009F29C7 /* Build configuration list for PBXNativeTarget "LightTests" */ = {
			isa = XCConfigurationList;
			buildConfigurations = (
				91FE630425D338F6009F29C7 /* Debug */,
				91FE630525D338F6009F29C7 /* Release */,
			);
			defaultConfigurationIsVisible = 0;
			defaultConfigurationName = Release;
		};
		91FE630625D338F6009F29C7 /* Build configuration list for PBXNativeTarget "LightUITests" */ = {
			isa = XCConfigurationList;
			buildConfigurations = (
				91FE630725D338F6009F29C7 /* Debug */,
				91FE630825D338F6009F29C7 /* Release */,
			);
			defaultConfigurationIsVisible = 0;
			defaultConfigurationName = Release;
		};
/* End XCConfigurationList section */
	};
	rootObject = 91FE62CE25D338F4009F29C7 /* Project object */;
}
